
Microsoft Visual Studio Solution File, Format Version 12.00
# Visual Studio Version 17
VisualStudioVersion = 17.8.34322.80
MinimumVisualStudioVersion = 10.0.40219.1
Project("{2150E333-8FDC-42A3-9474-1A3956D46DE8}") = "Test", "Test", "{7D4556A0-A93F-4A87-91B6-079C2ED74C1E}"
EndProject
Project("{9A19103F-16F7-4668-BE54-9A1E7A4F7556}") = "BlazeyTest.Application", "BlazeyTest.App\BlazeyTest.Application.csproj", "{E0E49D9F-99D2-436B-921B-C7ABB1800C03}"
EndProject
Project("{2150E333-8FDC-42A3-9474-1A3956D46DE8}") = "Library", "Library", "{B6AD9966-2242-4A5D-A296-45B0139EC85E}"
EndProject
Project("{9A19103F-16F7-4668-BE54-9A1E7A4F7556}") = "Blazey.Components", "Blazey.Components\Blazey.Components.csproj", "{C5ACEED9-60F9-4EBA-9462-F3A9A1323221}"
EndProject
Project("{9A19103F-16F7-4668-BE54-9A1E7A4F7556}") = "Blazey.Data", "Blazey.Data\Blazey.Data.csproj", "{18853AF7-C40C-4A9C-9CD5-937B02929B1C}"
EndProject
Project("{9A19103F-16F7-4668-BE54-9A1E7A4F7556}") = "Blazey.Communications", "Blazey.Communications\Blazey.Communications.csproj", "{DEDCF37F-B8B6-4CF0-BEE9-9D8C0E187D7E}"
EndProject
Project("{9A19103F-16F7-4668-BE54-9A1E7A4F7556}") = "Blazey.Security", "Blazey.Security\Blazey.Security.csproj", "{FF92D398-059A-4EB8-8913-17736D6DCE8D}"
EndProject
Project("{9A19103F-16F7-4668-BE54-9A1E7A4F7556}") = "Blazey.Components.Input", "Blazey.Components.Input\Blazey.Components.Input.csproj", "{652D97F6-74B3-4B8C-8B3A-EC3DCCB06B8E}"
EndProject
Project("{9A19103F-16F7-4668-BE54-9A1E7A4F7556}") = "Blazey.Components.Validation", "Blazey.Components.Validation\Blazey.Components.Validation.csproj", "{7703FA4D-1CCE-4EB5-9C1D-167A23306D4C}"
EndProject
Project("{9A19103F-16F7-4668-BE54-9A1E7A4F7556}") = "Blazey.Components.Page", "Blazey.Components.Page\Blazey.Components.Page.csproj", "{68916B63-7BE2-4C24-A78D-9FE3BE36EA4E}"
EndProject
Project("{9A19103F-16F7-4668-BE54-9A1E7A4F7556}") = "Blazey.Components.Navigation", "Blazey.Components.Navigation\Blazey.Components.Navigation.csproj", "{ADCC0C56-DDE8-46C4-B8A7-DD682D176870}"
EndProject
Project("{9A19103F-16F7-4668-BE54-9A1E7A4F7556}") = "Blazey.Email", "Blazey.Email\Blazey.Email.csproj", "{DCF9ED9C-3E6B-4F61-9297-0078AB8D64AA}"
EndProject
Project("{9A19103F-16F7-4668-BE54-9A1E7A4F7556}") = "Blazey.Patchnotes", "Blazey.Patchnotes\Blazey.Patchnotes.csproj", "{7673A80E-62E4-455D-A5ED-38474139602F}"
EndProject
Project("{9A19103F-16F7-4668-BE54-9A1E7A4F7556}") = "Blazey.Components.Data", "Blazey.Components.Data\Blazey.Components.Data.csproj", "{7205A2E1-D1DA-422F-A52C-114CCFC44B66}"
EndProject
Project("{FAE04EC0-301F-11D3-BF4B-00C04F79EFBC}") = "Blazey.Components.Table", "Blazey.Components.Table\Blazey.Components.Table.csproj", "{183D84DD-5D5A-43AA-AA10-2EFDC761A568}"
EndProject
Global
	GlobalSection(SolutionConfigurationPlatforms) = preSolution
		Debug|Any CPU = Debug|Any CPU
		Release|Any CPU = Release|Any CPU
	EndGlobalSection
	GlobalSection(ProjectConfigurationPlatforms) = postSolution
		{E0E49D9F-99D2-436B-921B-C7ABB1800C03}.Debug|Any CPU.ActiveCfg = Debug|Any CPU
		{E0E49D9F-99D2-436B-921B-C7ABB1800C03}.Debug|Any CPU.Build.0 = Debug|Any CPU
		{E0E49D9F-99D2-436B-921B-C7ABB1800C03}.Release|Any CPU.ActiveCfg = Release|Any CPU
		{E0E49D9F-99D2-436B-921B-C7ABB1800C03}.Release|Any CPU.Build.0 = Release|Any CPU
		{C5ACEED9-60F9-4EBA-9462-F3A9A1323221}.Debug|Any CPU.ActiveCfg = Debug|Any CPU
		{C5ACEED9-60F9-4EBA-9462-F3A9A1323221}.Debug|Any CPU.Build.0 = Debug|Any CPU
		{C5ACEED9-60F9-4EBA-9462-F3A9A1323221}.Release|Any CPU.ActiveCfg = Release|Any CPU
		{C5ACEED9-60F9-4EBA-9462-F3A9A1323221}.Release|Any CPU.Build.0 = Release|Any CPU
		{18853AF7-C40C-4A9C-9CD5-937B02929B1C}.Debug|Any CPU.ActiveCfg = Debug|Any CPU
		{18853AF7-C40C-4A9C-9CD5-937B02929B1C}.Debug|Any CPU.Build.0 = Debug|Any CPU
		{18853AF7-C40C-4A9C-9CD5-937B02929B1C}.Release|Any CPU.ActiveCfg = Release|Any CPU
		{18853AF7-C40C-4A9C-9CD5-937B02929B1C}.Release|Any CPU.Build.0 = Release|Any CPU
		{DEDCF37F-B8B6-4CF0-BEE9-9D8C0E187D7E}.Debug|Any CPU.ActiveCfg = Debug|Any CPU
		{DEDCF37F-B8B6-4CF0-BEE9-9D8C0E187D7E}.Debug|Any CPU.Build.0 = Debug|Any CPU
		{DEDCF37F-B8B6-4CF0-BEE9-9D8C0E187D7E}.Release|Any CPU.ActiveCfg = Release|Any CPU
		{DEDCF37F-B8B6-4CF0-BEE9-9D8C0E187D7E}.Release|Any CPU.Build.0 = Release|Any CPU
		{FF92D398-059A-4EB8-8913-17736D6DCE8D}.Debug|Any CPU.ActiveCfg = Debug|Any CPU
		{FF92D398-059A-4EB8-8913-17736D6DCE8D}.Debug|Any CPU.Build.0 = Debug|Any CPU
		{FF92D398-059A-4EB8-8913-17736D6DCE8D}.Release|Any CPU.ActiveCfg = Release|Any CPU
		{FF92D398-059A-4EB8-8913-17736D6DCE8D}.Release|Any CPU.Build.0 = Release|Any CPU
		{652D97F6-74B3-4B8C-8B3A-EC3DCCB06B8E}.Debug|Any CPU.ActiveCfg = Debug|Any CPU
		{652D97F6-74B3-4B8C-8B3A-EC3DCCB06B8E}.Debug|Any CPU.Build.0 = Debug|Any CPU
		{652D97F6-74B3-4B8C-8B3A-EC3DCCB06B8E}.Release|Any CPU.ActiveCfg = Release|Any CPU
		{652D97F6-74B3-4B8C-8B3A-EC3DCCB06B8E}.Release|Any CPU.Build.0 = Release|Any CPU
		{7703FA4D-1CCE-4EB5-9C1D-167A23306D4C}.Debug|Any CPU.ActiveCfg = Debug|Any CPU
		{7703FA4D-1CCE-4EB5-9C1D-167A23306D4C}.Debug|Any CPU.Build.0 = Debug|Any CPU
		{7703FA4D-1CCE-4EB5-9C1D-167A23306D4C}.Release|Any CPU.ActiveCfg = Release|Any CPU
		{7703FA4D-1CCE-4EB5-9C1D-167A23306D4C}.Release|Any CPU.Build.0 = Release|Any CPU
		{68916B63-7BE2-4C24-A78D-9FE3BE36EA4E}.Debug|Any CPU.ActiveCfg = Debug|Any CPU
		{68916B63-7BE2-4C24-A78D-9FE3BE36EA4E}.Debug|Any CPU.Build.0 = Debug|Any CPU
		{68916B63-7BE2-4C24-A78D-9FE3BE36EA4E}.Release|Any CPU.ActiveCfg = Release|Any CPU
		{68916B63-7BE2-4C24-A78D-9FE3BE36EA4E}.Release|Any CPU.Build.0 = Release|Any CPU
		{ADCC0C56-DDE8-46C4-B8A7-DD682D176870}.Debug|Any CPU.ActiveCfg = Debug|Any CPU
		{ADCC0C56-DDE8-46C4-B8A7-DD682D176870}.Debug|Any CPU.Build.0 = Debug|Any CPU
		{ADCC0C56-DDE8-46C4-B8A7-DD682D176870}.Release|Any CPU.ActiveCfg = Release|Any CPU
		{ADCC0C56-DDE8-46C4-B8A7-DD682D176870}.Release|Any CPU.Build.0 = Release|Any CPU
		{DCF9ED9C-3E6B-4F61-9297-0078AB8D64AA}.Debug|Any CPU.ActiveCfg = Debug|Any CPU
		{DCF9ED9C-3E6B-4F61-9297-0078AB8D64AA}.Debug|Any CPU.Build.0 = Debug|Any CPU
		{DCF9ED9C-3E6B-4F61-9297-0078AB8D64AA}.Release|Any CPU.ActiveCfg = Release|Any CPU
		{DCF9ED9C-3E6B-4F61-9297-0078AB8D64AA}.Release|Any CPU.Build.0 = Release|Any CPU
		{7673A80E-62E4-455D-A5ED-38474139602F}.Debug|Any CPU.ActiveCfg = Debug|Any CPU
		{7673A80E-62E4-455D-A5ED-38474139602F}.Debug|Any CPU.Build.0 = Debug|Any CPU
		{7673A80E-62E4-455D-A5ED-38474139602F}.Release|Any CPU.ActiveCfg = Release|Any CPU
		{7673A80E-62E4-455D-A5ED-38474139602F}.Release|Any CPU.Build.0 = Release|Any CPU
		{7205A2E1-D1DA-422F-A52C-114CCFC44B66}.Debug|Any CPU.ActiveCfg = Debug|Any CPU
		{7205A2E1-D1DA-422F-A52C-114CCFC44B66}.Debug|Any CPU.Build.0 = Debug|Any CPU
		{7205A2E1-D1DA-422F-A52C-114CCFC44B66}.Release|Any CPU.ActiveCfg = Release|Any CPU
		{7205A2E1-D1DA-422F-A52C-114CCFC44B66}.Release|Any CPU.Build.0 = Release|Any CPU
		{183D84DD-5D5A-43AA-AA10-2EFDC761A568}.Debug|Any CPU.ActiveCfg = Debug|Any CPU
		{183D84DD-5D5A-43AA-AA10-2EFDC761A568}.Debug|Any CPU.Build.0 = Debug|Any CPU
		{183D84DD-5D5A-43AA-AA10-2EFDC761A568}.Release|Any CPU.ActiveCfg = Release|Any CPU
		{183D84DD-5D5A-43AA-AA10-2EFDC761A568}.Release|Any CPU.Build.0 = Release|Any CPU
	EndGlobalSection
	GlobalSection(SolutionProperties) = preSolution
		HideSolutionNode = FALSE
	EndGlobalSection
	GlobalSection(NestedProjects) = preSolution
		{E0E49D9F-99D2-436B-921B-C7ABB1800C03} = {7D4556A0-A93F-4A87-91B6-079C2ED74C1E}
		{C5ACEED9-60F9-4EBA-9462-F3A9A1323221} = {B6AD9966-2242-4A5D-A296-45B0139EC85E}
		{18853AF7-C40C-4A9C-9CD5-937B02929B1C} = {B6AD9966-2242-4A5D-A296-45B0139EC85E}
		{DEDCF37F-B8B6-4CF0-BEE9-9D8C0E187D7E} = {B6AD9966-2242-4A5D-A296-45B0139EC85E}
		{FF92D398-059A-4EB8-8913-17736D6DCE8D} = {B6AD9966-2242-4A5D-A296-45B0139EC85E}
		{652D97F6-74B3-4B8C-8B3A-EC3DCCB06B8E} = {B6AD9966-2242-4A5D-A296-45B0139EC85E}
		{7703FA4D-1CCE-4EB5-9C1D-167A23306D4C} = {B6AD9966-2242-4A5D-A296-45B0139EC85E}
		{68916B63-7BE2-4C24-A78D-9FE3BE36EA4E} = {B6AD9966-2242-4A5D-A296-45B0139EC85E}
		{ADCC0C56-DDE8-46C4-B8A7-DD682D176870} = {B6AD9966-2242-4A5D-A296-45B0139EC85E}
		{DCF9ED9C-3E6B-4F61-9297-0078AB8D64AA} = {B6AD9966-2242-4A5D-A296-45B0139EC85E}
		{7673A80E-62E4-455D-A5ED-38474139602F} = {B6AD9966-2242-4A5D-A296-45B0139EC85E}
		{7205A2E1-D1DA-422F-A52C-114CCFC44B66} = {B6AD9966-2242-4A5D-A296-45B0139EC85E}
		{183D84DD-5D5A-43AA-AA10-2EFDC761A568} = {B6AD9966-2242-4A5D-A296-45B0139EC85E}
	EndGlobalSection
	GlobalSection(ExtensibilityGlobals) = postSolution
		SolutionGuid = {9AB686AA-0396-4F66-BD2C-D189D693ED7A}
	EndGlobalSection
EndGlobal
